// !$*UTF8*$!
{
	archiveVersion = 1;
	classes = {
	};
	objectVersion = 56;
	objects = {

/* Begin PBXBuildFile section */
		21807182D9ECFD5A39B59330 /* Pods_MyMovieDB_MyMovieDBUITests.framework in Frameworks */ = {isa = PBXBuildFile; fileRef = AF4053C88A327202E0DC0355 /* Pods_MyMovieDB_MyMovieDBUITests.framework */; };
		8925DEEFAB01D01E77A32ABF /* Pods_MyMovieDB.framework in Frameworks */ = {isa = PBXBuildFile; fileRef = 1913EAE2F4B5BBD851B0BA32 /* Pods_MyMovieDB.framework */; };
		9F29ADDF37B1A261D0143E0E /* Pods_MyMovieDBTests.framework in Frameworks */ = {isa = PBXBuildFile; fileRef = 8BE9D76630C3948CD86CBEBA /* Pods_MyMovieDBTests.framework */; };
		BA81E6862A3823BE00F16F2B /* AppDelegate.swift in Sources */ = {isa = PBXBuildFile; fileRef = BA81E6852A3823BE00F16F2B /* AppDelegate.swift */; };
		BA81E6882A3823BE00F16F2B /* SceneDelegate.swift in Sources */ = {isa = PBXBuildFile; fileRef = BA81E6872A3823BE00F16F2B /* SceneDelegate.swift */; };
		BA81E68A2A3823BE00F16F2B /* ViewController.swift in Sources */ = {isa = PBXBuildFile; fileRef = BA81E6892A3823BE00F16F2B /* ViewController.swift */; };
		BA81E68D2A3823BE00F16F2B /* Main.storyboard in Resources */ = {isa = PBXBuildFile; fileRef = BA81E68B2A3823BE00F16F2B /* Main.storyboard */; };
		BA81E68F2A3823C000F16F2B /* Assets.xcassets in Resources */ = {isa = PBXBuildFile; fileRef = BA81E68E2A3823C000F16F2B /* Assets.xcassets */; };
		BA81E6922A3823C000F16F2B /* LaunchScreen.storyboard in Resources */ = {isa = PBXBuildFile; fileRef = BA81E6902A3823C000F16F2B /* LaunchScreen.storyboard */; };
		BA81E69D2A3823C100F16F2B /* MyMovieDBTests.swift in Sources */ = {isa = PBXBuildFile; fileRef = BA81E69C2A3823C100F16F2B /* MyMovieDBTests.swift */; };
		BA81E6A72A3823C100F16F2B /* MyMovieDBUITests.swift in Sources */ = {isa = PBXBuildFile; fileRef = BA81E6A62A3823C100F16F2B /* MyMovieDBUITests.swift */; };
		BA81E6A92A3823C100F16F2B /* MyMovieDBUITestsLaunchTests.swift in Sources */ = {isa = PBXBuildFile; fileRef = BA81E6A82A3823C100F16F2B /* MyMovieDBUITestsLaunchTests.swift */; };
/* End PBXBuildFile section */

/* Begin PBXContainerItemProxy section */
		BA81E6992A3823C100F16F2B /* PBXContainerItemProxy */ = {
			isa = PBXContainerItemProxy;
			containerPortal = BA81E67A2A3823BE00F16F2B /* Project object */;
			proxyType = 1;
			remoteGlobalIDString = BA81E6812A3823BE00F16F2B;
			remoteInfo = MyMovieDB;
		};
		BA81E6A32A3823C100F16F2B /* PBXContainerItemProxy */ = {
			isa = PBXContainerItemProxy;
			containerPortal = BA81E67A2A3823BE00F16F2B /* Project object */;
			proxyType = 1;
			remoteGlobalIDString = BA81E6812A3823BE00F16F2B;
			remoteInfo = MyMovieDB;
		};
/* End PBXContainerItemProxy section */

/* Begin PBXFileReference section */
		012382AF2DF9DE6B4C318D8C /* Pods-MyMovieDBTests.release.xcconfig */ = {isa = PBXFileReference; includeInIndex = 1; lastKnownFileType = text.xcconfig; name = "Pods-MyMovieDBTests.release.xcconfig"; path = "Target Support Files/Pods-MyMovieDBTests/Pods-MyMovieDBTests.release.xcconfig"; sourceTree = "<group>"; };
		06F5202E3F36C705BED9E8E7 /* Pods-MyMovieDB-MyMovieDBUITests.debug.xcconfig */ = {isa = PBXFileReference; includeInIndex = 1; lastKnownFileType = text.xcconfig; name = "Pods-MyMovieDB-MyMovieDBUITests.debug.xcconfig"; path = "Target Support Files/Pods-MyMovieDB-MyMovieDBUITests/Pods-MyMovieDB-MyMovieDBUITests.debug.xcconfig"; sourceTree = "<group>"; };
		1913EAE2F4B5BBD851B0BA32 /* Pods_MyMovieDB.framework */ = {isa = PBXFileReference; explicitFileType = wrapper.framework; includeInIndex = 0; path = Pods_MyMovieDB.framework; sourceTree = BUILT_PRODUCTS_DIR; };
		2C552A98AFAA47C64FC3683A /* Pods-MyMovieDB.debug.xcconfig */ = {isa = PBXFileReference; includeInIndex = 1; lastKnownFileType = text.xcconfig; name = "Pods-MyMovieDB.debug.xcconfig"; path = "Target Support Files/Pods-MyMovieDB/Pods-MyMovieDB.debug.xcconfig"; sourceTree = "<group>"; };
		36D9F96A84015BAD663E5C83 /* Pods-MyMovieDB-MyMovieDBUITests.release.xcconfig */ = {isa = PBXFileReference; includeInIndex = 1; lastKnownFileType = text.xcconfig; name = "Pods-MyMovieDB-MyMovieDBUITests.release.xcconfig"; path = "Target Support Files/Pods-MyMovieDB-MyMovieDBUITests/Pods-MyMovieDB-MyMovieDBUITests.release.xcconfig"; sourceTree = "<group>"; };
		8BE9D76630C3948CD86CBEBA /* Pods_MyMovieDBTests.framework */ = {isa = PBXFileReference; explicitFileType = wrapper.framework; includeInIndex = 0; path = Pods_MyMovieDBTests.framework; sourceTree = BUILT_PRODUCTS_DIR; };
		AF4053C88A327202E0DC0355 /* Pods_MyMovieDB_MyMovieDBUITests.framework */ = {isa = PBXFileReference; explicitFileType = wrapper.framework; includeInIndex = 0; path = Pods_MyMovieDB_MyMovieDBUITests.framework; sourceTree = BUILT_PRODUCTS_DIR; };
		BA81E6822A3823BE00F16F2B /* MyMovieDB.app */ = {isa = PBXFileReference; explicitFileType = wrapper.application; includeInIndex = 0; path = MyMovieDB.app; sourceTree = BUILT_PRODUCTS_DIR; };
		BA81E6852A3823BE00F16F2B /* AppDelegate.swift */ = {isa = PBXFileReference; lastKnownFileType = sourcecode.swift; path = AppDelegate.swift; sourceTree = "<group>"; };
		BA81E6872A3823BE00F16F2B /* SceneDelegate.swift */ = {isa = PBXFileReference; lastKnownFileType = sourcecode.swift; path = SceneDelegate.swift; sourceTree = "<group>"; };
		BA81E6892A3823BE00F16F2B /* ViewController.swift */ = {isa = PBXFileReference; lastKnownFileType = sourcecode.swift; path = ViewController.swift; sourceTree = "<group>"; };
		BA81E68C2A3823BE00F16F2B /* Base */ = {isa = PBXFileReference; lastKnownFileType = file.storyboard; name = Base; path = Base.lproj/Main.storyboard; sourceTree = "<group>"; };
		BA81E68E2A3823C000F16F2B /* Assets.xcassets */ = {isa = PBXFileReference; lastKnownFileType = folder.assetcatalog; path = Assets.xcassets; sourceTree = "<group>"; };
		BA81E6912A3823C000F16F2B /* Base */ = {isa = PBXFileReference; lastKnownFileType = file.storyboard; name = Base; path = Base.lproj/LaunchScreen.storyboard; sourceTree = "<group>"; };
		BA81E6932A3823C000F16F2B /* Info.plist */ = {isa = PBXFileReference; lastKnownFileType = text.plist.xml; path = Info.plist; sourceTree = "<group>"; };
		BA81E6982A3823C100F16F2B /* MyMovieDBTests.xctest */ = {isa = PBXFileReference; explicitFileType = wrapper.cfbundle; includeInIndex = 0; path = MyMovieDBTests.xctest; sourceTree = BUILT_PRODUCTS_DIR; };
		BA81E69C2A3823C100F16F2B /* MyMovieDBTests.swift */ = {isa = PBXFileReference; lastKnownFileType = sourcecode.swift; path = MyMovieDBTests.swift; sourceTree = "<group>"; };
		BA81E6A22A3823C100F16F2B /* MyMovieDBUITests.xctest */ = {isa = PBXFileReference; explicitFileType = wrapper.cfbundle; includeInIndex = 0; path = MyMovieDBUITests.xctest; sourceTree = BUILT_PRODUCTS_DIR; };
		BA81E6A62A3823C100F16F2B /* MyMovieDBUITests.swift */ = {isa = PBXFileReference; lastKnownFileType = sourcecode.swift; path = MyMovieDBUITests.swift; sourceTree = "<group>"; };
		BA81E6A82A3823C100F16F2B /* MyMovieDBUITestsLaunchTests.swift */ = {isa = PBXFileReference; lastKnownFileType = sourcecode.swift; path = MyMovieDBUITestsLaunchTests.swift; sourceTree = "<group>"; };
		D819E2633CEA6F55D3CA4B6B /* Pods-MyMovieDB.release.xcconfig */ = {isa = PBXFileReference; includeInIndex = 1; lastKnownFileType = text.xcconfig; name = "Pods-MyMovieDB.release.xcconfig"; path = "Target Support Files/Pods-MyMovieDB/Pods-MyMovieDB.release.xcconfig"; sourceTree = "<group>"; };
		F50FD81A36AE6C49DBE0322E /* Pods-MyMovieDBTests.debug.xcconfig */ = {isa = PBXFileReference; includeInIndex = 1; lastKnownFileType = text.xcconfig; name = "Pods-MyMovieDBTests.debug.xcconfig"; path = "Target Support Files/Pods-MyMovieDBTests/Pods-MyMovieDBTests.debug.xcconfig"; sourceTree = "<group>"; };
/* End PBXFileReference section */

/* Begin PBXFrameworksBuildPhase section */
		BA81E67F2A3823BE00F16F2B /* Frameworks */ = {
			isa = PBXFrameworksBuildPhase;
			buildActionMask = 2147483647;
			files = (
				8925DEEFAB01D01E77A32ABF /* Pods_MyMovieDB.framework in Frameworks */,
			);
			runOnlyForDeploymentPostprocessing = 0;
		};
		BA81E6952A3823C100F16F2B /* Frameworks */ = {
			isa = PBXFrameworksBuildPhase;
			buildActionMask = 2147483647;
			files = (
				9F29ADDF37B1A261D0143E0E /* Pods_MyMovieDBTests.framework in Frameworks */,
			);
			runOnlyForDeploymentPostprocessing = 0;
		};
		BA81E69F2A3823C100F16F2B /* Frameworks */ = {
			isa = PBXFrameworksBuildPhase;
			buildActionMask = 2147483647;
			files = (
				21807182D9ECFD5A39B59330 /* Pods_MyMovieDB_MyMovieDBUITests.framework in Frameworks */,
			);
			runOnlyForDeploymentPostprocessing = 0;
		};
/* End PBXFrameworksBuildPhase section */

/* Begin PBXGroup section */
		0BBD169C47410A8733364BEA /* Frameworks */ = {
			isa = PBXGroup;
			children = (
				1913EAE2F4B5BBD851B0BA32 /* Pods_MyMovieDB.framework */,
				AF4053C88A327202E0DC0355 /* Pods_MyMovieDB_MyMovieDBUITests.framework */,
				8BE9D76630C3948CD86CBEBA /* Pods_MyMovieDBTests.framework */,
			);
			name = Frameworks;
			sourceTree = "<group>";
		};
		BA81E6792A3823BE00F16F2B = {
			isa = PBXGroup;
			children = (
				BA81E6842A3823BE00F16F2B /* MyMovieDB */,
				BA81E69B2A3823C100F16F2B /* MyMovieDBTests */,
				BA81E6A52A3823C100F16F2B /* MyMovieDBUITests */,
				BA81E6832A3823BE00F16F2B /* Products */,
				D9D140956587B98C58BDA704 /* Pods */,
				0BBD169C47410A8733364BEA /* Frameworks */,
			);
			sourceTree = "<group>";
		};
		BA81E6832A3823BE00F16F2B /* Products */ = {
			isa = PBXGroup;
			children = (
				BA81E6822A3823BE00F16F2B /* MyMovieDB.app */,
				BA81E6982A3823C100F16F2B /* MyMovieDBTests.xctest */,
				BA81E6A22A3823C100F16F2B /* MyMovieDBUITests.xctest */,
			);
			name = Products;
			sourceTree = "<group>";
		};
		BA81E6842A3823BE00F16F2B /* MyMovieDB */ = {
			isa = PBXGroup;
			children = (
				BA81E6852A3823BE00F16F2B /* AppDelegate.swift */,
				BA81E6872A3823BE00F16F2B /* SceneDelegate.swift */,
				BA81E6892A3823BE00F16F2B /* ViewController.swift */,
				BA81E68B2A3823BE00F16F2B /* Main.storyboard */,
				BA81E68E2A3823C000F16F2B /* Assets.xcassets */,
				BA81E6902A3823C000F16F2B /* LaunchScreen.storyboard */,
				BA81E6932A3823C000F16F2B /* Info.plist */,
			);
			path = MyMovieDB;
			sourceTree = "<group>";
		};
		BA81E69B2A3823C100F16F2B /* MyMovieDBTests */ = {
			isa = PBXGroup;
			children = (
				BA81E69C2A3823C100F16F2B /* MyMovieDBTests.swift */,
			);
			path = MyMovieDBTests;
			sourceTree = "<group>";
		};
		BA81E6A52A3823C100F16F2B /* MyMovieDBUITests */ = {
			isa = PBXGroup;
			children = (
				BA81E6A62A3823C100F16F2B /* MyMovieDBUITests.swift */,
				BA81E6A82A3823C100F16F2B /* MyMovieDBUITestsLaunchTests.swift */,
			);
			path = MyMovieDBUITests;
			sourceTree = "<group>";
		};
		D9D140956587B98C58BDA704 /* Pods */ = {
			isa = PBXGroup;
			children = (
				2C552A98AFAA47C64FC3683A /* Pods-MyMovieDB.debug.xcconfig */,
				D819E2633CEA6F55D3CA4B6B /* Pods-MyMovieDB.release.xcconfig */,
				06F5202E3F36C705BED9E8E7 /* Pods-MyMovieDB-MyMovieDBUITests.debug.xcconfig */,
				36D9F96A84015BAD663E5C83 /* Pods-MyMovieDB-MyMovieDBUITests.release.xcconfig */,
				F50FD81A36AE6C49DBE0322E /* Pods-MyMovieDBTests.debug.xcconfig */,
				012382AF2DF9DE6B4C318D8C /* Pods-MyMovieDBTests.release.xcconfig */,
			);
			name = Pods;
			path = Pods;
			sourceTree = "<group>";
		};
/* End PBXGroup section */

/* Begin PBXNativeTarget section */
		BA81E6812A3823BE00F16F2B /* MyMovieDB */ = {
			isa = PBXNativeTarget;
			buildConfigurationList = BA81E6AC2A3823C100F16F2B /* Build configuration list for PBXNativeTarget "MyMovieDB" */;
			buildPhases = (
				258E8DEE2022BA9E773F63E4 /* [CP] Check Pods Manifest.lock */,
				BA81E67E2A3823BE00F16F2B /* Sources */,
				BA81E67F2A3823BE00F16F2B /* Frameworks */,
				BA81E6802A3823BE00F16F2B /* Resources */,
			);
			buildRules = (
			);
			dependencies = (
			);
			name = MyMovieDB;
			productName = MyMovieDB;
			productReference = BA81E6822A3823BE00F16F2B /* MyMovieDB.app */;
			productType = "com.apple.product-type.application";
		};
		BA81E6972A3823C100F16F2B /* MyMovieDBTests */ = {
			isa = PBXNativeTarget;
			buildConfigurationList = BA81E6AF2A3823C100F16F2B /* Build configuration list for PBXNativeTarget "MyMovieDBTests" */;
			buildPhases = (
				F2252AA463B2D41E33B4247F /* [CP] Check Pods Manifest.lock */,
				BA81E6942A3823C100F16F2B /* Sources */,
				BA81E6952A3823C100F16F2B /* Frameworks */,
				BA81E6962A3823C100F16F2B /* Resources */,
			);
			buildRules = (
			);
			dependencies = (
				BA81E69A2A3823C100F16F2B /* PBXTargetDependency */,
			);
			name = MyMovieDBTests;
			productName = MyMovieDBTests;
			productReference = BA81E6982A3823C100F16F2B /* MyMovieDBTests.xctest */;
			productType = "com.apple.product-type.bundle.unit-test";
		};
		BA81E6A12A3823C100F16F2B /* MyMovieDBUITests */ = {
			isa = PBXNativeTarget;
			buildConfigurationList = BA81E6B22A3823C100F16F2B /* Build configuration list for PBXNativeTarget "MyMovieDBUITests" */;
			buildPhases = (
				DCE151445EBC7F0EC6C9CD3D /* [CP] Check Pods Manifest.lock */,
				BA81E69E2A3823C100F16F2B /* Sources */,
				BA81E69F2A3823C100F16F2B /* Frameworks */,
				BA81E6A02A3823C100F16F2B /* Resources */,
			);
			buildRules = (
			);
			dependencies = (
				BA81E6A42A3823C100F16F2B /* PBXTargetDependency */,
			);
			name = MyMovieDBUITests;
			productName = MyMovieDBUITests;
			productReference = BA81E6A22A3823C100F16F2B /* MyMovieDBUITests.xctest */;
			productType = "com.apple.product-type.bundle.ui-testing";
		};
/* End PBXNativeTarget section */

/* Begin PBXProject section */
		BA81E67A2A3823BE00F16F2B /* Project object */ = {
			isa = PBXProject;
			attributes = {
				BuildIndependentTargetsInParallel = 1;
				LastSwiftUpdateCheck = 1420;
				LastUpgradeCheck = 1420;
				TargetAttributes = {
					BA81E6812A3823BE00F16F2B = {
						CreatedOnToolsVersion = 14.2;
					};
					BA81E6972A3823C100F16F2B = {
						CreatedOnToolsVersion = 14.2;
						TestTargetID = BA81E6812A3823BE00F16F2B;
					};
					BA81E6A12A3823C100F16F2B = {
						CreatedOnToolsVersion = 14.2;
						TestTargetID = BA81E6812A3823BE00F16F2B;
					};
				};
			};
			buildConfigurationList = BA81E67D2A3823BE00F16F2B /* Build configuration list for PBXProject "MyMovieDB" */;
			compatibilityVersion = "Xcode 14.0";
			developmentRegion = en;
			hasScannedForEncodings = 0;
			knownRegions = (
				en,
				Base,
			);
			mainGroup = BA81E6792A3823BE00F16F2B;
			productRefGroup = BA81E6832A3823BE00F16F2B /* Products */;
			projectDirPath = "";
			projectRoot = "";
			targets = (
				BA81E6812A3823BE00F16F2B /* MyMovieDB */,
				BA81E6972A3823C100F16F2B /* MyMovieDBTests */,
				BA81E6A12A3823C100F16F2B /* MyMovieDBUITests */,
			);
		};
/* End PBXProject section */

/* Begin PBXResourcesBuildPhase section */
		BA81E6802A3823BE00F16F2B /* Resources */ = {
			isa = PBXResourcesBuildPhase;
			buildActionMask = 2147483647;
			files = (
				BA81E6922A3823C000F16F2B /* LaunchScreen.storyboard in Resources */,
				BA81E68F2A3823C000F16F2B /* Assets.xcassets in Resources */,
				BA81E68D2A3823BE00F16F2B /* Main.storyboard in Resources */,
			);
			runOnlyForDeploymentPostprocessing = 0;
		};
		BA81E6962A3823C100F16F2B /* Resources */ = {
			isa = PBXResourcesBuildPhase;
			buildActionMask = 2147483647;
			files = (
			);
			runOnlyForDeploymentPostprocessing = 0;
		};
		BA81E6A02A3823C100F16F2B /* Resources */ = {
			isa = PBXResourcesBuildPhase;
			buildActionMask = 2147483647;
			files = (
			);
			runOnlyForDeploymentPostprocessing = 0;
		};
/* End PBXResourcesBuildPhase section */

/* Begin PBXShellScriptBuildPhase section */
		258E8DEE2022BA9E773F63E4 /* [CP] Check Pods Manifest.lock */ = {
			isa = PBXShellScriptBuildPhase;
			buildActionMask = 2147483647;
			files = (
			);
			inputFileListPaths = (
			);
			inputPaths = (
				"${PODS_PODFILE_DIR_PATH}/Podfile.lock",
				"${PODS_ROOT}/Manifest.lock",
			);
			name = "[CP] Check Pods Manifest.lock";
			outputFileListPaths = (
			);
			outputPaths = (
				"$(DERIVED_FILE_DIR)/Pods-MyMovieDB-checkManifestLockResult.txt",
			);
			runOnlyForDeploymentPostprocessing = 0;
			shellPath = /bin/sh;
			shellScript = "diff \"${PODS_PODFILE_DIR_PATH}/Podfile.lock\" \"${PODS_ROOT}/Manifest.lock\" > /dev/null\nif [ $? != 0 ] ; then\n    # print error to STDERR\n    echo \"error: The sandbox is not in sync with the Podfile.lock. Run 'pod install' or update your CocoaPods installation.\" >&2\n    exit 1\nfi\n# This output is used by Xcode 'outputs' to avoid re-running this script phase.\necho \"SUCCESS\" > \"${SCRIPT_OUTPUT_FILE_0}\"\n";
			showEnvVarsInLog = 0;
		};
		DCE151445EBC7F0EC6C9CD3D /* [CP] Check Pods Manifest.lock */ = {
			isa = PBXShellScriptBuildPhase;
			buildActionMask = 2147483647;
			files = (
			);
			inputFileListPaths = (
			);
			inputPaths = (
				"${PODS_PODFILE_DIR_PATH}/Podfile.lock",
				"${PODS_ROOT}/Manifest.lock",
			);
			name = "[CP] Check Pods Manifest.lock";
			outputFileListPaths = (
			);
			outputPaths = (
				"$(DERIVED_FILE_DIR)/Pods-MyMovieDB-MyMovieDBUITests-checkManifestLockResult.txt",
			);
			runOnlyForDeploymentPostprocessing = 0;
			shellPath = /bin/sh;
			shellScript = "diff \"${PODS_PODFILE_DIR_PATH}/Podfile.lock\" \"${PODS_ROOT}/Manifest.lock\" > /dev/null\nif [ $? != 0 ] ; then\n    # print error to STDERR\n    echo \"error: The sandbox is not in sync with the Podfile.lock. Run 'pod install' or update your CocoaPods installation.\" >&2\n    exit 1\nfi\n# This output is used by Xcode 'outputs' to avoid re-running this script phase.\necho \"SUCCESS\" > \"${SCRIPT_OUTPUT_FILE_0}\"\n";
			showEnvVarsInLog = 0;
		};
		F2252AA463B2D41E33B4247F /* [CP] Check Pods Manifest.lock */ = {
			isa = PBXShellScriptBuildPhase;
			buildActionMask = 2147483647;
			files = (
			);
			inputFileListPaths = (
			);
			inputPaths = (
				"${PODS_PODFILE_DIR_PATH}/Podfile.lock",
				"${PODS_ROOT}/Manifest.lock",
			);
			name = "[CP] Check Pods Manifest.lock";
			outputFileListPaths = (
			);
			outputPaths = (
				"$(DERIVED_FILE_DIR)/Pods-MyMovieDBTests-checkManifestLockResult.txt",
			);
			runOnlyForDeploymentPostprocessing = 0;
			shellPath = /bin/sh;
			shellScript = "diff \"${PODS_PODFILE_DIR_PATH}/Podfile.lock\" \"${PODS_ROOT}/Manifest.lock\" > /dev/null\nif [ $? != 0 ] ; then\n    # print error to STDERR\n    echo \"error: The sandbox is not in sync with the Podfile.lock. Run 'pod install' or update your CocoaPods installation.\" >&2\n    exit 1\nfi\n# This output is used by Xcode 'outputs' to avoid re-running this script phase.\necho \"SUCCESS\" > \"${SCRIPT_OUTPUT_FILE_0}\"\n";
			showEnvVarsInLog = 0;
		};
/* End PBXShellScriptBuildPhase section */

/* Begin PBXSourcesBuildPhase section */
		BA81E67E2A3823BE00F16F2B /* Sources */ = {
			isa = PBXSourcesBuildPhase;
			buildActionMask = 2147483647;
			files = (
				BA81E68A2A3823BE00F16F2B /* ViewController.swift in Sources */,
				BA81E6862A3823BE00F16F2B /* AppDelegate.swift in Sources */,
				BA81E6882A3823BE00F16F2B /* SceneDelegate.swift in Sources */,
			);
			runOnlyForDeploymentPostprocessing = 0;
		};
		BA81E6942A3823C100F16F2B /* Sources */ = {
			isa = PBXSourcesBuildPhase;
			buildActionMask = 2147483647;
			files = (
				BA81E69D2A3823C100F16F2B /* MyMovieDBTests.swift in Sources */,
			);
			runOnlyForDeploymentPostprocessing = 0;
		};
		BA81E69E2A3823C100F16F2B /* Sources */ = {
			isa = PBXSourcesBuildPhase;
			buildActionMask = 2147483647;
			files = (
				BA81E6A72A3823C100F16F2B /* MyMovieDBUITests.swift in Sources */,
				BA81E6A92A3823C100F16F2B /* MyMovieDBUITestsLaunchTests.swift in Sources */,
			);
			runOnlyForDeploymentPostprocessing = 0;
		};
/* End PBXSourcesBuildPhase section */

/* Begin PBXTargetDependency section */
		BA81E69A2A3823C100F16F2B /* PBXTargetDependency */ = {
			isa = PBXTargetDependency;
			target = BA81E6812A3823BE00F16F2B /* MyMovieDB */;
			targetProxy = BA81E6992A3823C100F16F2B /* PBXContainerItemProxy */;
		};
		BA81E6A42A3823C100F16F2B /* PBXTargetDependency */ = {
			isa = PBXTargetDependency;
			target = BA81E6812A3823BE00F16F2B /* MyMovieDB */;
			targetProxy = BA81E6A32A3823C100F16F2B /* PBXContainerItemProxy */;
		};
/* End PBXTargetDependency section */

/* Begin PBXVariantGroup section */
		BA81E68B2A3823BE00F16F2B /* Main.storyboard */ = {
			isa = PBXVariantGroup;
			children = (
				BA81E68C2A3823BE00F16F2B /* Base */,
			);
			name = Main.storyboard;
			sourceTree = "<group>";
		};
		BA81E6902A3823C000F16F2B /* LaunchScreen.storyboard */ = {
			isa = PBXVariantGroup;
			children = (
				BA81E6912A3823C000F16F2B /* Base */,
			);
			name = LaunchScreen.storyboard;
			sourceTree = "<group>";
		};
/* End PBXVariantGroup section */

/* Begin XCBuildConfiguration section */
		BA81E6AA2A3823C100F16F2B /* Debug */ = {
			isa = XCBuildConfiguration;
			buildSettings = {
				ALWAYS_SEARCH_USER_PATHS = NO;
				CLANG_ANALYZER_NONNULL = YES;
				CLANG_ANALYZER_NUMBER_OBJECT_CONVERSION = YES_AGGRESSIVE;
				CLANG_CXX_LANGUAGE_STANDARD = "gnu++20";
				CLANG_ENABLE_MODULES = YES;
				CLANG_ENABLE_OBJC_ARC = YES;
				CLANG_ENABLE_OBJC_WEAK = YES;
				CLANG_WARN_BLOCK_CAPTURE_AUTORELEASING = YES;
				CLANG_WARN_BOOL_CONVERSION = YES;
				CLANG_WARN_COMMA = YES;
				CLANG_WARN_CONSTANT_CONVERSION = YES;
				CLANG_WARN_DEPRECATED_OBJC_IMPLEMENTATIONS = YES;
				CLANG_WARN_DIRECT_OBJC_ISA_USAGE = YES_ERROR;
				CLANG_WARN_DOCUMENTATION_COMMENTS = YES;
				CLANG_WARN_EMPTY_BODY = YES;
				CLANG_WARN_ENUM_CONVERSION = YES;
				CLANG_WARN_INFINITE_RECURSION = YES;
				CLANG_WARN_INT_CONVERSION = YES;
				CLANG_WARN_NON_LITERAL_NULL_CONVERSION = YES;
				CLANG_WARN_OBJC_IMPLICIT_RETAIN_SELF = YES;
				CLANG_WARN_OBJC_LITERAL_CONVERSION = YES;
				CLANG_WARN_OBJC_ROOT_CLASS = YES_ERROR;
				CLANG_WARN_QUOTED_INCLUDE_IN_FRAMEWORK_HEADER = YES;
				CLANG_WARN_RANGE_LOOP_ANALYSIS = YES;
				CLANG_WARN_STRICT_PROTOTYPES = YES;
				CLANG_WARN_SUSPICIOUS_MOVE = YES;
				CLANG_WARN_UNGUARDED_AVAILABILITY = YES_AGGRESSIVE;
				CLANG_WARN_UNREACHABLE_CODE = YES;
				CLANG_WARN__DUPLICATE_METHOD_MATCH = YES;
				COPY_PHASE_STRIP = NO;
				DEBUG_INFORMATION_FORMAT = dwarf;
				ENABLE_STRICT_OBJC_MSGSEND = YES;
				ENABLE_TESTABILITY = YES;
				GCC_C_LANGUAGE_STANDARD = gnu11;
				GCC_DYNAMIC_NO_PIC = NO;
				GCC_NO_COMMON_BLOCKS = YES;
				GCC_OPTIMIZATION_LEVEL = 0;
				GCC_PREPROCESSOR_DEFINITIONS = (
					"DEBUG=1",
					"$(inherited)",
				);
				GCC_WARN_64_TO_32_BIT_CONVERSION = YES;
				GCC_WARN_ABOUT_RETURN_TYPE = YES_ERROR;
				GCC_WARN_UNDECLARED_SELECTOR = YES;
				GCC_WARN_UNINITIALIZED_AUTOS = YES_AGGRESSIVE;
				GCC_WARN_UNUSED_FUNCTION = YES;
				GCC_WARN_UNUSED_VARIABLE = YES;
				IPHONEOS_DEPLOYMENT_TARGET = 16.2;
				MTL_ENABLE_DEBUG_INFO = INCLUDE_SOURCE;
				MTL_FAST_MATH = YES;
				ONLY_ACTIVE_ARCH = YES;
				SDKROOT = iphoneos;
				SWIFT_ACTIVE_COMPILATION_CONDITIONS = DEBUG;
				SWIFT_OPTIMIZATION_LEVEL = "-Onone";
			};
			name = Debug;
		};
		BA81E6AB2A3823C100F16F2B /* Release */ = {
			isa = XCBuildConfiguration;
			buildSettings = {
				ALWAYS_SEARCH_USER_PATHS = NO;
				CLANG_ANALYZER_NONNULL = YES;
				CLANG_ANALYZER_NUMBER_OBJECT_CONVERSION = YES_AGGRESSIVE;
				CLANG_CXX_LANGUAGE_STANDARD = "gnu++20";
				CLANG_ENABLE_MODULES = YES;
				CLANG_ENABLE_OBJC_ARC = YES;
				CLANG_ENABLE_OBJC_WEAK = YES;
				CLANG_WARN_BLOCK_CAPTURE_AUTORELEASING = YES;
				CLANG_WARN_BOOL_CONVERSION = YES;
				CLANG_WARN_COMMA = YES;
				CLANG_WARN_CONSTANT_CONVERSION = YES;
				CLANG_WARN_DEPRECATED_OBJC_IMPLEMENTATIONS = YES;
				CLANG_WARN_DIRECT_OBJC_ISA_USAGE = YES_ERROR;
				CLANG_WARN_DOCUMENTATION_COMMENTS = YES;
				CLANG_WARN_EMPTY_BODY = YES;
				CLANG_WARN_ENUM_CONVERSION = YES;
				CLANG_WARN_INFINITE_RECURSION = YES;
				CLANG_WARN_INT_CONVERSION = YES;
				CLANG_WARN_NON_LITERAL_NULL_CONVERSION = YES;
				CLANG_WARN_OBJC_IMPLICIT_RETAIN_SELF = YES;
				CLANG_WARN_OBJC_LITERAL_CONVERSION = YES;
				CLANG_WARN_OBJC_ROOT_CLASS = YES_ERROR;
				CLANG_WARN_QUOTED_INCLUDE_IN_FRAMEWORK_HEADER = YES;
				CLANG_WARN_RANGE_LOOP_ANALYSIS = YES;
				CLANG_WARN_STRICT_PROTOTYPES = YES;
				CLANG_WARN_SUSPICIOUS_MOVE = YES;
				CLANG_WARN_UNGUARDED_AVAILABILITY = YES_AGGRESSIVE;
				CLANG_WARN_UNREACHABLE_CODE = YES;
				CLANG_WARN__DUPLICATE_METHOD_MATCH = YES;
				COPY_PHASE_STRIP = NO;
				DEBUG_INFORMATION_FORMAT = "dwarf-with-dsym";
				ENABLE_NS_ASSERTIONS = NO;
				ENABLE_STRICT_OBJC_MSGSEND = YES;
				GCC_C_LANGUAGE_STANDARD = gnu11;
				GCC_NO_COMMON_BLOCKS = YES;
				GCC_WARN_64_TO_32_BIT_CONVERSION = YES;
				GCC_WARN_ABOUT_RETURN_TYPE = YES_ERROR;
				GCC_WARN_UNDECLARED_SELECTOR = YES;
				GCC_WARN_UNINITIALIZED_AUTOS = YES_AGGRESSIVE;
				GCC_WARN_UNUSED_FUNCTION = YES;
				GCC_WARN_UNUSED_VARIABLE = YES;
				IPHONEOS_DEPLOYMENT_TARGET = 16.2;
				MTL_ENABLE_DEBUG_INFO = NO;
				MTL_FAST_MATH = YES;
				SDKROOT = iphoneos;
				SWIFT_COMPILATION_MODE = wholemodule;
				SWIFT_OPTIMIZATION_LEVEL = "-O";
				VALIDATE_PRODUCT = YES;
			};
			name = Release;
		};
		BA81E6AD2A3823C100F16F2B /* Debug */ = {
			isa = XCBuildConfiguration;
			baseConfigurationReference = 2C552A98AFAA47C64FC3683A /* Pods-MyMovieDB.debug.xcconfig */;
			buildSettings = {
				ASSETCATALOG_COMPILER_APPICON_NAME = AppIcon;
				ASSETCATALOG_COMPILER_GLOBAL_ACCENT_COLOR_NAME = AccentColor;
				CODE_SIGN_STYLE = Automatic;
				CURRENT_PROJECT_VERSION = 1;
				DEVELOPMENT_TEAM = FT97D5Q92B;
				GENERATE_INFOPLIST_FILE = YES;
				INFOPLIST_FILE = MyMovieDB/Info.plist;
				INFOPLIST_KEY_UIApplicationSupportsIndirectInputEvents = YES;
				INFOPLIST_KEY_UILaunchStoryboardName = LaunchScreen;
				INFOPLIST_KEY_UIMainStoryboardFile = Main;
				INFOPLIST_KEY_UISupportedInterfaceOrientations_iPad = "UIInterfaceOrientationPortrait UIInterfaceOrientationPortraitUpsideDown UIInterfaceOrientationLandscapeLeft UIInterfaceOrientationLandscapeRight";
				INFOPLIST_KEY_UISupportedInterfaceOrientations_iPhone = "UIInterfaceOrientationPortrait UIInterfaceOrientationLandscapeLeft UIInterfaceOrientationLandscapeRight";
				LD_RUNPATH_SEARCH_PATHS = (
					"$(inherited)",
					"@executable_path/Frameworks",
				);
				MARKETING_VERSION = 1.0;
				PRODUCT_BUNDLE_IDENTIFIER = com.roni.MyMovieDB;
				PRODUCT_NAME = "$(TARGET_NAME)";
				SWIFT_EMIT_LOC_STRINGS = YES;
				SWIFT_VERSION = 5.0;
				TARGETED_DEVICE_FAMILY = "1,2";
			};
			name = Debug;
		};
		BA81E6AE2A3823C100F16F2B /* Release */ = {
			isa = XCBuildConfiguration;
			baseConfigurationReference = D819E2633CEA6F55D3CA4B6B /* Pods-MyMovieDB.release.xcconfig */;
			buildSettings = {
				ASSETCATALOG_COMPILER_APPICON_NAME = AppIcon;
				ASSETCATALOG_COMPILER_GLOBAL_ACCENT_COLOR_NAME = AccentColor;
				CODE_SIGN_STYLE = Automatic;
				CURRENT_PROJECT_VERSION = 1;
				DEVELOPMENT_TEAM = FT97D5Q92B;
				GENERATE_INFOPLIST_FILE = YES;
				INFOPLIST_FILE = MyMovieDB/Info.plist;
				INFOPLIST_KEY_UIApplicationSupportsIndirectInputEvents = YES;
				INFOPLIST_KEY_UILaunchStoryboardName = LaunchScreen;
				INFOPLIST_KEY_UIMainStoryboardFile = Main;
				INFOPLIST_KEY_UISupportedInterfaceOrientations_iPad = "UIInterfaceOrientationPortrait UIInterfaceOrientationPortraitUpsideDown UIInterfaceOrientationLandscapeLeft UIInterfaceOrientationLandscapeRight";
				INFOPLIST_KEY_UISupportedInterfaceOrientations_iPhone = "UIInterfaceOrientationPortrait UIInterfaceOrientationLandscapeLeft UIInterfaceOrientationLandscapeRight";
				LD_RUNPATH_SEARCH_PATHS = (
					"$(inherited)",
					"@executable_path/Frameworks",
				);
				MARKETING_VERSION = 1.0;
				PRODUCT_BUNDLE_IDENTIFIER = com.roni.MyMovieDB;
				PRODUCT_NAME = "$(TARGET_NAME)";
				SWIFT_EMIT_LOC_STRINGS = YES;
				SWIFT_VERSION = 5.0;
				TARGETED_DEVICE_FAMILY = "1,2";
			};
			name = Release;
		};
		BA81E6B02A3823C100F16F2B /* Debug */ = {
			isa = XCBuildConfiguration;
			baseConfigurationReference = F50FD81A36AE6C49DBE0322E /* Pods-MyMovieDBTests.debug.xcconfig */;
			buildSettings = {
				ALWAYS_EMBED_SWIFT_STANDARD_LIBRARIES = YES;
				BUNDLE_LOADER = "$(TEST_HOST)";
				CODE_SIGN_STYLE = Automatic;
				CURRENT_PROJECT_VERSION = 1;
				DEVELOPMENT_TEAM = FT97D5Q92B;
				GENERATE_INFOPLIST_FILE = YES;
				IPHONEOS_DEPLOYMENT_TARGET = 16.2;
				MARKETING_VERSION = 1.0;
				PRODUCT_BUNDLE_IDENTIFIER = com.roni.MyMovieDBTests;
				PRODUCT_NAME = "$(TARGET_NAME)";
				SWIFT_EMIT_LOC_STRINGS = NO;
				SWIFT_VERSION = 5.0;
				TARGETED_DEVICE_FAMILY = "1,2";
				TEST_HOST = "$(BUILT_PRODUCTS_DIR)/MyMovieDB.app/$(BUNDLE_EXECUTABLE_FOLDER_PATH)/MyMovieDB";
			};
			name = Debug;
		};
		BA81E6B12A3823C100F16F2B /* Release */ = {
			isa = XCBuildConfiguration;
			baseConfigurationReference = 012382AF2DF9DE6B4C318D8C /* Pods-MyMovieDBTests.release.xcconfig */;
			buildSettings = {
				ALWAYS_EMBED_SWIFT_STANDARD_LIBRARIES = YES;
				BUNDLE_LOADER = "$(TEST_HOST)";
				CODE_SIGN_STYLE = Automatic;
				CURRENT_PROJECT_VERSION = 1;
				DEVELOPMENT_TEAM = FT97D5Q92B;
				GENERATE_INFOPLIST_FILE = YES;
				IPHONEOS_DEPLOYMENT_TARGET = 16.2;
				MARKETING_VERSION = 1.0;
				PRODUCT_BUNDLE_IDENTIFIER = com.roni.MyMovieDBTests;
				PRODUCT_NAME = "$(TARGET_NAME)";
				SWIFT_EMIT_LOC_STRINGS = NO;
				SWIFT_VERSION = 5.0;
				TARGETED_DEVICE_FAMILY = "1,2";
				TEST_HOST = "$(BUILT_PRODUCTS_DIR)/MyMovieDB.app/$(BUNDLE_EXECUTABLE_FOLDER_PATH)/MyMovieDB";
			};
			name = Release;
		};
		BA81E6B32A3823C100F16F2B /* Debug */ = {
			isa = XCBuildConfiguration;
			baseConfigurationReference = 06F5202E3F36C705BED9E8E7 /* Pods-MyMovieDB-MyMovieDBUITests.debug.xcconfig */;
			buildSettings = {
				ALWAYS_EMBED_SWIFT_STANDARD_LIBRARIES = YES;
				CODE_SIGN_STYLE = Automatic;
				CURRENT_PROJECT_VERSION = 1;
				DEVELOPMENT_TEAM = FT97D5Q92B;
				GENERATE_INFOPLIST_FILE = YES;
				MARKETING_VERSION = 1.0;
				PRODUCT_BUNDLE_IDENTIFIER = com.roni.MyMovieDBUITests;
				PRODUCT_NAME = "$(TARGET_NAME)";
				SWIFT_EMIT_LOC_STRINGS = NO;
				SWIFT_VERSION = 5.0;
				TARGETED_DEVICE_FAMILY = "1,2";
				TEST_TARGET_NAME = MyMovieDB;
			};
			name = Debug;
		};
		BA81E6B42A3823C100F16F2B /* Release */ = {
			isa = XCBuildConfiguration;
			baseConfigurationReference = 36D9F96A84015BAD663E5C83 /* Pods-MyMovieDB-MyMovieDBUITests.release.xcconfig */;
			buildSettings = {
				ALWAYS_EMBED_SWIFT_STANDARD_LIBRARIES = YES;
				CODE_SIGN_STYLE = Automatic;
				CURRENT_PROJECT_VERSION = 1;
				DEVELOPMENT_TEAM = FT97D5Q92B;
				GENERATE_INFOPLIST_FILE = YES;
				MARKETING_VERSION = 1.0;
				PRODUCT_BUNDLE_IDENTIFIER = com.roni.MyMovieDBUITests;
				PRODUCT_NAME = "$(TARGET_NAME)";
				SWIFT_EMIT_LOC_STRINGS = NO;
				SWIFT_VERSION = 5.0;
				TARGETED_DEVICE_FAMILY = "1,2";
				TEST_TARGET_NAME = MyMovieDB;
			};
			name = Release;
		};
/* End XCBuildConfiguration section */

/* Begin XCConfigurationList section */
		BA81E67D2A3823BE00F16F2B /* Build configuration list for PBXProject "MyMovieDB" */ = {
			isa = XCConfigurationList;
			buildConfigurations = (
				BA81E6AA2A3823C100F16F2B /* Debug */,
				BA81E6AB2A3823C100F16F2B /* Release */,
			);
			defaultConfigurationIsVisible = 0;
			defaultConfigurationName = Release;
		};
		BA81E6AC2A3823C100F16F2B /* Build configuration list for PBXNativeTarget "MyMovieDB" */ = {
			isa = XCConfigurationList;
			buildConfigurations = (
				BA81E6AD2A3823C100F16F2B /* Debug */,
				BA81E6AE2A3823C100F16F2B /* Release */,
			);
			defaultConfigurationIsVisible = 0;
			defaultConfigurationName = Release;
		};
		BA81E6AF2A3823C100F16F2B /* Build configuration list for PBXNativeTarget "MyMovieDBTests" */ = {
			isa = XCConfigurationList;
			buildConfigurations = (
				BA81E6B02A3823C100F16F2B /* Debug */,
				BA81E6B12A3823C100F16F2B /* Release */,
			);
			defaultConfigurationIsVisible = 0;
			defaultConfigurationName = Release;
		};
		BA81E6B22A3823C100F16F2B /* Build configuration list for PBXNativeTarget "MyMovieDBUITests" */ = {
			isa = XCConfigurationList;
			buildConfigurations = (
				BA81E6B32A3823C100F16F2B /* Debug */,
				BA81E6B42A3823C100F16F2B /* Release */,
			);
			defaultConfigurationIsVisible = 0;
			defaultConfigurationName = Release;
		};
/* End XCConfigurationList section */
	};
	rootObject = BA81E67A2A3823BE00F16F2B /* Project object */;
}
